
Microsoft Visual Studio Solution File, Format Version 12.00
# Visual Studio Version 16
VisualStudioVersion = 16.0.29728.190
MinimumVisualStudioVersion = 10.0.40219.1
Project("{FAE04EC0-301F-11D3-BF4B-00C04F79EFBC}") = "Notes.Android", "Notes\Notes.Android\Notes.Android.csproj", "{A785219F-8E88-40C8-9F8C-3E19F727D36C}"
EndProject
Project("{9A19103F-16F7-4668-BE54-9A1E7A4F7556}") = "Notes", "Notes\Notes\Notes.csproj", "{76279045-AA28-448B-BEC8-E525C3E495A9}"
EndProject
Project("{FAE04EC0-301F-11D3-BF4B-00C04F79EFBC}") = "Tests", "Tests\Tests.csproj", "{3C100258-A0F9-41EC-A28C-30B7119B786F}"
EndProject
Global
	GlobalSection(SolutionConfigurationPlatforms) = preSolution
		Debug|Any CPU = Debug|Any CPU
		Debug|iPhone = Debug|iPhone
		Debug|iPhoneSimulator = Debug|iPhoneSimulator
		Release|Any CPU = Release|Any CPU
		Release|iPhone = Release|iPhone
		Release|iPhoneSimulator = Release|iPhoneSimulator
	EndGlobalSection
	GlobalSection(ProjectConfigurationPlatforms) = postSolution
		{A785219F-8E88-40C8-9F8C-3E19F727D36C}.Debug|Any CPU.ActiveCfg = Debug|Any CPU
		{A785219F-8E88-40C8-9F8C-3E19F727D36C}.Debug|Any CPU.Build.0 = Debug|Any CPU
		{A785219F-8E88-40C8-9F8C-3E19F727D36C}.Debug|Any CPU.Deploy.0 = Debug|Any CPU
		{A785219F-8E88-40C8-9F8C-3E19F727D36C}.Debug|iPhone.ActiveCfg = Debug|Any CPU
		{A785219F-8E88-40C8-9F8C-3E19F727D36C}.Debug|iPhone.Build.0 = Debug|Any CPU
		{A785219F-8E88-40C8-9F8C-3E19F727D36C}.Debug|iPhone.Deploy.0 = Debug|Any CPU
		{A785219F-8E88-40C8-9F8C-3E19F727D36C}.Debug|iPhoneSimulator.ActiveCfg = Debug|Any CPU
		{A785219F-8E88-40C8-9F8C-3E19F727D36C}.Debug|iPhoneSimulator.Build.0 = Debug|Any CPU
		{A785219F-8E88-40C8-9F8C-3E19F727D36C}.Debug|iPhoneSimulator.Deploy.0 = Debug|Any CPU
		{A785219F-8E88-40C8-9F8C-3E19F727D36C}.Release|Any CPU.ActiveCfg = Release|Any CPU
		{A785219F-8E88-40C8-9F8C-3E19F727D36C}.Release|Any CPU.Build.0 = Release|Any CPU
		{A785219F-8E88-40C8-9F8C-3E19F727D36C}.Release|Any CPU.Deploy.0 = Release|Any CPU
		{A785219F-8E88-40C8-9F8C-3E19F727D36C}.Release|iPhone.ActiveCfg = Release|Any CPU
		{A785219F-8E88-40C8-9F8C-3E19F727D36C}.Release|iPhone.Build.0 = Release|Any CPU
		{A785219F-8E88-40C8-9F8C-3E19F727D36C}.Release|iPhone.Deploy.0 = Release|Any CPU
		{A785219F-8E88-40C8-9F8C-3E19F727D36C}.Release|iPhoneSimulator.ActiveCfg = Release|Any CPU
		{A785219F-8E88-40C8-9F8C-3E19F727D36C}.Release|iPhoneSimulator.Build.0 = Release|Any CPU
		{A785219F-8E88-40C8-9F8C-3E19F727D36C}.Release|iPhoneSimulator.Deploy.0 = Release|Any CPU
		{76279045-AA28-448B-BEC8-E525C3E495A9}.Debug|Any CPU.ActiveCfg = Debug|Any CPU
		{76279045-AA28-448B-BEC8-E525C3E495A9}.Debug|Any CPU.Build.0 = Debug|Any CPU
		{76279045-AA28-448B-BEC8-E525C3E495A9}.Debug|Any CPU.Deploy.0 = Debug|Any CPU
		{76279045-AA28-448B-BEC8-E525C3E495A9}.Debug|iPhone.ActiveCfg = Debug|Any CPU
		{76279045-AA28-448B-BEC8-E525C3E495A9}.Debug|iPhone.Build.0 = Debug|Any CPU
		{76279045-AA28-448B-BEC8-E525C3E495A9}.Debug|iPhone.Deploy.0 = Debug|Any CPU
		{76279045-AA28-448B-BEC8-E525C3E495A9}.Debug|iPhoneSimulator.ActiveCfg = Debug|Any CPU
		{76279045-AA28-448B-BEC8-E525C3E495A9}.Debug|iPhoneSimulator.Build.0 = Debug|Any CPU
		{76279045-AA28-448B-BEC8-E525C3E495A9}.Debug|iPhoneSimulator.Deploy.0 = Debug|Any CPU
		{76279045-AA28-448B-BEC8-E525C3E495A9}.Release|Any CPU.ActiveCfg = Release|Any CPU
		{76279045-AA28-448B-BEC8-E525C3E495A9}.Release|Any CPU.Build.0 = Release|Any CPU
		{76279045-AA28-448B-BEC8-E525C3E495A9}.Release|Any CPU.Deploy.0 = Release|Any CPU
		{76279045-AA28-448B-BEC8-E525C3E495A9}.Release|iPhone.ActiveCfg = Release|Any CPU
		{76279045-AA28-448B-BEC8-E525C3E495A9}.Release|iPhone.Build.0 = Release|Any CPU
		{76279045-AA28-448B-BEC8-E525C3E495A9}.Release|iPhone.Deploy.0 = Release|Any CPU
		{76279045-AA28-448B-BEC8-E525C3E495A9}.Release|iPhoneSimulator.ActiveCfg = Release|Any CPU
		{76279045-AA28-448B-BEC8-E525C3E495A9}.Release|iPhoneSimulator.Build.0 = Release|Any CPU
		{76279045-AA28-448B-BEC8-E525C3E495A9}.Release|iPhoneSimulator.Deploy.0 = Release|Any CPU
		{3C100258-A0F9-41EC-A28C-30B7119B786F}.Debug|Any CPU.ActiveCfg = Debug|Any CPU
		{3C100258-A0F9-41EC-A28C-30B7119B786F}.Debug|Any CPU.Build.0 = Debug|Any CPU
		{3C100258-A0F9-41EC-A28C-30B7119B786F}.Debug|iPhone.ActiveCfg = Debug|Any CPU
		{3C100258-A0F9-41EC-A28C-30B7119B786F}.Debug|iPhone.Build.0 = Debug|Any CPU
		{3C100258-A0F9-41EC-A28C-30B7119B786F}.Debug|iPhoneSimulator.ActiveCfg = Debug|Any CPU
		{3C100258-A0F9-41EC-A28C-30B7119B786F}.Debug|iPhoneSimulator.Build.0 = Debug|Any CPU
		{3C100258-A0F9-41EC-A28C-30B7119B786F}.Release|Any CPU.ActiveCfg = Release|Any CPU
		{3C100258-A0F9-41EC-A28C-30B7119B786F}.Release|Any CPU.Build.0 = Release|Any CPU
		{3C100258-A0F9-41EC-A28C-30B7119B786F}.Release|iPhone.ActiveCfg = Release|Any CPU
		{3C100258-A0F9-41EC-A28C-30B7119B786F}.Release|iPhone.Build.0 = Release|Any CPU
		{3C100258-A0F9-41EC-A28C-30B7119B786F}.Release|iPhoneSimulator.ActiveCfg = Release|Any CPU
		{3C100258-A0F9-41EC-A28C-30B7119B786F}.Release|iPhoneSimulator.Build.0 = Release|Any CPU
	EndGlobalSection
	GlobalSection(SolutionProperties) = preSolution
		HideSolutionNode = FALSE
	EndGlobalSection
	GlobalSection(ExtensibilityGlobals) = postSolution
		SolutionGuid = {591D7C9D-3D58-4400-9E63-E6EA86A5E2AF}
	EndGlobalSection
EndGlobal
